
Microsoft Visual Studio Solution File, Format Version 12.00
# Visual Studio Version 17
VisualStudioVersion = 17.1.32328.378
MinimumVisualStudioVersion = 10.0.40219.1
Project("{8BC9CEB8-8B4A-11D0-8D11-00A0C91BC942}") = "Project1", "Project1\Project1.vcxproj", "{18C5ABAF-DCC8-42C9-8C10-721803AE399D}"
EndProject
Global
	GlobalSection(SolutionConfigurationPlatforms) = preSolution
		Debug|x64 = Debug|x64
		Debug|x86 = Debug|x86
		Release|x64 = Release|x64
		Release|x86 = Release|x86
	EndGlobalSection
	GlobalSection(ProjectConfigurationPlatforms) = postSolution
		{18C5ABAF-DCC8-42C9-8C10-721803AE399D}.Debug|x64.ActiveCfg = Debug|x64
		{18C5ABAF-DCC8-42C9-8C10-721803AE399D}.Debug|x64.Build.0 = Debug|x64
		{18C5ABAF-DCC8-42C9-8C10-721803AE399D}.Debug|x86.ActiveCfg = Debug|Win32
		{18C5ABAF-DCC8-42C9-8C10-721803AE399D}.Debug|x86.Build.0 = Debug|Win32
		{18C5ABAF-DCC8-42C9-8C10-721803AE399D}.Release|x64.ActiveCfg = Release|x64
		{18C5ABAF-DCC8-42C9-8C10-721803AE399D}.Release|x64.Build.0 = Release|x64
		{18C5ABAF-DCC8-42C9-8C10-721803AE399D}.Release|x86.ActiveCfg = Release|Win32
		{18C5ABAF-DCC8-42C9-8C10-721803AE399D}.Release|x86.Build.0 = Release|Win32
	EndGlobalSection
	GlobalSection(SolutionProperties) = preSolution
		HideSolutionNode = FALSE
	EndGlobalSection
	GlobalSection(ExtensibilityGlobals) = postSolution
		SolutionGuid = {8FE0A4F1-44D2-4C8D-AA87-0C1CB559EBDF}
	EndGlobalSection
EndGlobal
